
Microsoft Visual Studio Solution File, Format Version 12.00
# Visual Studio Version 17
VisualStudioVersion = 17.10.35027.167
MinimumVisualStudioVersion = 10.0.40219.1
Project("{FAE04EC0-301F-11D3-BF4B-00C04F79EFBC}") = "switches", "switches\switches.csproj", "{0B7A4937-2378-4E48-A14C-03588C8C8253}"
EndProject
Global
	GlobalSection(SolutionConfigurationPlatforms) = preSolution
		Debug|Any CPU = Debug|Any CPU
		Release|Any CPU = Release|Any CPU
	EndGlobalSection
	GlobalSection(ProjectConfigurationPlatforms) = postSolution
		{0B7A4937-2378-4E48-A14C-03588C8C8253}.Debug|Any CPU.ActiveCfg = Debug|Any CPU
		{0B7A4937-2378-4E48-A14C-03588C8C8253}.Debug|Any CPU.Build.0 = Debug|Any CPU
		{0B7A4937-2378-4E48-A14C-03588C8C8253}.Release|Any CPU.ActiveCfg = Release|Any CPU
		{0B7A4937-2378-4E48-A14C-03588C8C8253}.Release|Any CPU.Build.0 = Release|Any CPU
	EndGlobalSection
	GlobalSection(SolutionProperties) = preSolution
		HideSolutionNode = FALSE
	EndGlobalSection
	GlobalSection(ExtensibilityGlobals) = postSolution
		SolutionGuid = {A8AF15D1-8CF8-4F89-B02B-DCC9DD2077A0}
	EndGlobalSection
EndGlobal
