
Microsoft Visual Studio Solution File, Format Version 12.00
# Visual Studio Version 17
VisualStudioVersion = 17.10.35027.167
MinimumVisualStudioVersion = 10.0.40219.1
Project("{FAE04EC0-301F-11D3-BF4B-00C04F79EFBC}") = "UHPakArroh", "UHPakArroh\UHPakArroh.csproj", "{844336CD-7090-4AE9-9B33-40B55B373FFC}"
EndProject
Global
	GlobalSection(SolutionConfigurationPlatforms) = preSolution
		Debug|Any CPU = Debug|Any CPU
		Release|Any CPU = Release|Any CPU
	EndGlobalSection
	GlobalSection(ProjectConfigurationPlatforms) = postSolution
		{844336CD-7090-4AE9-9B33-40B55B373FFC}.Debug|Any CPU.ActiveCfg = Debug|Any CPU
		{844336CD-7090-4AE9-9B33-40B55B373FFC}.Debug|Any CPU.Build.0 = Debug|Any CPU
		{844336CD-7090-4AE9-9B33-40B55B373FFC}.Release|Any CPU.ActiveCfg = Release|Any CPU
		{844336CD-7090-4AE9-9B33-40B55B373FFC}.Release|Any CPU.Build.0 = Release|Any CPU
	EndGlobalSection
	GlobalSection(SolutionProperties) = preSolution
		HideSolutionNode = FALSE
	EndGlobalSection
	GlobalSection(ExtensibilityGlobals) = postSolution
		SolutionGuid = {CF72C156-1309-4C4C-9D07-36A6B737D1BD}
	EndGlobalSection
EndGlobal
