
Microsoft Visual Studio Solution File, Format Version 12.00
# Visual Studio Version 17
VisualStudioVersion = 17.10.35027.167
MinimumVisualStudioVersion = 10.0.40219.1
Project("{FAE04EC0-301F-11D3-BF4B-00C04F79EFBC}") = "cobafile", "cobafile\cobafile.csproj", "{EDBB329E-8C67-462E-85B8-7667B279DD6A}"
EndProject
Global
	GlobalSection(SolutionConfigurationPlatforms) = preSolution
		Debug|Any CPU = Debug|Any CPU
		Release|Any CPU = Release|Any CPU
	EndGlobalSection
	GlobalSection(ProjectConfigurationPlatforms) = postSolution
		{EDBB329E-8C67-462E-85B8-7667B279DD6A}.Debug|Any CPU.ActiveCfg = Debug|Any CPU
		{EDBB329E-8C67-462E-85B8-7667B279DD6A}.Debug|Any CPU.Build.0 = Debug|Any CPU
		{EDBB329E-8C67-462E-85B8-7667B279DD6A}.Release|Any CPU.ActiveCfg = Release|Any CPU
		{EDBB329E-8C67-462E-85B8-7667B279DD6A}.Release|Any CPU.Build.0 = Release|Any CPU
	EndGlobalSection
	GlobalSection(SolutionProperties) = preSolution
		HideSolutionNode = FALSE
	EndGlobalSection
	GlobalSection(ExtensibilityGlobals) = postSolution
		SolutionGuid = {5C7D51D7-7090-4A52-A58D-D492D3B8A52F}
	EndGlobalSection
EndGlobal
