
Microsoft Visual Studio Solution File, Format Version 12.00
# Visual Studio Version 17
VisualStudioVersion = 17.10.35027.167
MinimumVisualStudioVersion = 10.0.40219.1
Project("{FAE04EC0-301F-11D3-BF4B-00C04F79EFBC}") = "method", "method\method.csproj", "{B7F7FE88-C7F6-4595-A8BF-E3AA8FCD7591}"
EndProject
Global
	GlobalSection(SolutionConfigurationPlatforms) = preSolution
		Debug|Any CPU = Debug|Any CPU
		Release|Any CPU = Release|Any CPU
	EndGlobalSection
	GlobalSection(ProjectConfigurationPlatforms) = postSolution
		{B7F7FE88-C7F6-4595-A8BF-E3AA8FCD7591}.Debug|Any CPU.ActiveCfg = Debug|Any CPU
		{B7F7FE88-C7F6-4595-A8BF-E3AA8FCD7591}.Debug|Any CPU.Build.0 = Debug|Any CPU
		{B7F7FE88-C7F6-4595-A8BF-E3AA8FCD7591}.Release|Any CPU.ActiveCfg = Release|Any CPU
		{B7F7FE88-C7F6-4595-A8BF-E3AA8FCD7591}.Release|Any CPU.Build.0 = Release|Any CPU
	EndGlobalSection
	GlobalSection(SolutionProperties) = preSolution
		HideSolutionNode = FALSE
	EndGlobalSection
	GlobalSection(ExtensibilityGlobals) = postSolution
		SolutionGuid = {B837A03A-2842-4BAB-81D1-9CF2FDBC43D4}
	EndGlobalSection
EndGlobal
