
Microsoft Visual Studio Solution File, Format Version 12.00
# Visual Studio Version 17
VisualStudioVersion = 17.10.35027.167
MinimumVisualStudioVersion = 10.0.40219.1
Project("{FAE04EC0-301F-11D3-BF4B-00C04F79EFBC}") = "loginkuy", "loginkuy\loginkuy.csproj", "{8D4FDF3B-4139-4B86-AF6D-20DDD2FA01B7}"
EndProject
Project("{54435603-DBB4-11D2-8724-00A0C9A8B90C}") = "InstallerMyAplikasi", "InstallerMyAplikasi\InstallerMyAplikasi.vdproj", "{9D64A7A2-D86A-436B-8560-142EF05DFB96}"
EndProject
Global
	GlobalSection(SolutionConfigurationPlatforms) = preSolution
		Debug|Any CPU = Debug|Any CPU
		Release|Any CPU = Release|Any CPU
	EndGlobalSection
	GlobalSection(ProjectConfigurationPlatforms) = postSolution
		{8D4FDF3B-4139-4B86-AF6D-20DDD2FA01B7}.Debug|Any CPU.ActiveCfg = Debug|Any CPU
		{8D4FDF3B-4139-4B86-AF6D-20DDD2FA01B7}.Debug|Any CPU.Build.0 = Debug|Any CPU
		{8D4FDF3B-4139-4B86-AF6D-20DDD2FA01B7}.Release|Any CPU.ActiveCfg = Release|Any CPU
		{8D4FDF3B-4139-4B86-AF6D-20DDD2FA01B7}.Release|Any CPU.Build.0 = Release|Any CPU
		{9D64A7A2-D86A-436B-8560-142EF05DFB96}.Debug|Any CPU.ActiveCfg = Debug
		{9D64A7A2-D86A-436B-8560-142EF05DFB96}.Release|Any CPU.ActiveCfg = Release
	EndGlobalSection
	GlobalSection(SolutionProperties) = preSolution
		HideSolutionNode = FALSE
	EndGlobalSection
	GlobalSection(ExtensibilityGlobals) = postSolution
		SolutionGuid = {9EDB7C26-5672-4041-A421-6A87A57539BB}
	EndGlobalSection
EndGlobal
