
Microsoft Visual Studio Solution File, Format Version 12.00
# Visual Studio Version 17
VisualStudioVersion = 17.10.35027.167
MinimumVisualStudioVersion = 10.0.40219.1
Project("{FAE04EC0-301F-11D3-BF4B-00C04F79EFBC}") = "UJIAN13-1", "UJIAN13-1\UJIAN13-1.csproj", "{DEDB3C36-8749-4523-845F-FF98723CD1FC}"
EndProject
Global
	GlobalSection(SolutionConfigurationPlatforms) = preSolution
		Debug|Any CPU = Debug|Any CPU
		Release|Any CPU = Release|Any CPU
	EndGlobalSection
	GlobalSection(ProjectConfigurationPlatforms) = postSolution
		{DEDB3C36-8749-4523-845F-FF98723CD1FC}.Debug|Any CPU.ActiveCfg = Debug|Any CPU
		{DEDB3C36-8749-4523-845F-FF98723CD1FC}.Debug|Any CPU.Build.0 = Debug|Any CPU
		{DEDB3C36-8749-4523-845F-FF98723CD1FC}.Release|Any CPU.ActiveCfg = Release|Any CPU
		{DEDB3C36-8749-4523-845F-FF98723CD1FC}.Release|Any CPU.Build.0 = Release|Any CPU
	EndGlobalSection
	GlobalSection(SolutionProperties) = preSolution
		HideSolutionNode = FALSE
	EndGlobalSection
	GlobalSection(ExtensibilityGlobals) = postSolution
		SolutionGuid = {4AEDB77A-0B89-49C5-81D0-A5D082B97B55}
	EndGlobalSection
EndGlobal
