
Microsoft Visual Studio Solution File, Format Version 12.00
# Visual Studio Version 17
VisualStudioVersion = 17.10.35027.167
MinimumVisualStudioVersion = 10.0.40219.1
Project("{FAE04EC0-301F-11D3-BF4B-00C04F79EFBC}") = "conditional operator", "conditional operator\conditional operator.csproj", "{AA70CCA5-2FDC-439B-94C9-7C89439C77D4}"
EndProject
Global
	GlobalSection(SolutionConfigurationPlatforms) = preSolution
		Debug|Any CPU = Debug|Any CPU
		Release|Any CPU = Release|Any CPU
	EndGlobalSection
	GlobalSection(ProjectConfigurationPlatforms) = postSolution
		{AA70CCA5-2FDC-439B-94C9-7C89439C77D4}.Debug|Any CPU.ActiveCfg = Debug|Any CPU
		{AA70CCA5-2FDC-439B-94C9-7C89439C77D4}.Debug|Any CPU.Build.0 = Debug|Any CPU
		{AA70CCA5-2FDC-439B-94C9-7C89439C77D4}.Release|Any CPU.ActiveCfg = Release|Any CPU
		{AA70CCA5-2FDC-439B-94C9-7C89439C77D4}.Release|Any CPU.Build.0 = Release|Any CPU
	EndGlobalSection
	GlobalSection(SolutionProperties) = preSolution
		HideSolutionNode = FALSE
	EndGlobalSection
	GlobalSection(ExtensibilityGlobals) = postSolution
		SolutionGuid = {1F2A4DEC-1273-4762-9DA1-810CEC16FE2A}
	EndGlobalSection
EndGlobal
