
Microsoft Visual Studio Solution File, Format Version 12.00
# Visual Studio Version 17
VisualStudioVersion = 17.10.35027.167
MinimumVisualStudioVersion = 10.0.40219.1
Project("{FAE04EC0-301F-11D3-BF4B-00C04F79EFBC}") = "main2", "main2\main2.csproj", "{7E253637-175A-470F-A297-A522C77137DA}"
EndProject
Global
	GlobalSection(SolutionConfigurationPlatforms) = preSolution
		Debug|Any CPU = Debug|Any CPU
		Release|Any CPU = Release|Any CPU
	EndGlobalSection
	GlobalSection(ProjectConfigurationPlatforms) = postSolution
		{7E253637-175A-470F-A297-A522C77137DA}.Debug|Any CPU.ActiveCfg = Debug|Any CPU
		{7E253637-175A-470F-A297-A522C77137DA}.Debug|Any CPU.Build.0 = Debug|Any CPU
		{7E253637-175A-470F-A297-A522C77137DA}.Release|Any CPU.ActiveCfg = Release|Any CPU
		{7E253637-175A-470F-A297-A522C77137DA}.Release|Any CPU.Build.0 = Release|Any CPU
	EndGlobalSection
	GlobalSection(SolutionProperties) = preSolution
		HideSolutionNode = FALSE
	EndGlobalSection
	GlobalSection(ExtensibilityGlobals) = postSolution
		SolutionGuid = {AB33C1CB-6B21-48CC-B68D-5393007D1603}
	EndGlobalSection
EndGlobal
