
Microsoft Visual Studio Solution File, Format Version 12.00
# Visual Studio Version 17
VisualStudioVersion = 17.10.35027.167
MinimumVisualStudioVersion = 10.0.40219.1
Project("{FAE04EC0-301F-11D3-BF4B-00C04F79EFBC}") = "UH2CRUD", "UH2CRUD\UH2CRUD.csproj", "{015E8463-5510-4A23-B6BD-E895094C0106}"
EndProject
Global
	GlobalSection(SolutionConfigurationPlatforms) = preSolution
		Debug|Any CPU = Debug|Any CPU
		Release|Any CPU = Release|Any CPU
	EndGlobalSection
	GlobalSection(ProjectConfigurationPlatforms) = postSolution
		{015E8463-5510-4A23-B6BD-E895094C0106}.Debug|Any CPU.ActiveCfg = Debug|Any CPU
		{015E8463-5510-4A23-B6BD-E895094C0106}.Debug|Any CPU.Build.0 = Debug|Any CPU
		{015E8463-5510-4A23-B6BD-E895094C0106}.Release|Any CPU.ActiveCfg = Release|Any CPU
		{015E8463-5510-4A23-B6BD-E895094C0106}.Release|Any CPU.Build.0 = Release|Any CPU
	EndGlobalSection
	GlobalSection(SolutionProperties) = preSolution
		HideSolutionNode = FALSE
	EndGlobalSection
	GlobalSection(ExtensibilityGlobals) = postSolution
		SolutionGuid = {9577F00A-7416-43F2-83B9-979A973C59EA}
	EndGlobalSection
EndGlobal
