
Microsoft Visual Studio Solution File, Format Version 12.00
# Visual Studio Version 17
VisualStudioVersion = 17.10.35027.167
MinimumVisualStudioVersion = 10.0.40219.1
Project("{FAE04EC0-301F-11D3-BF4B-00C04F79EFBC}") = "foreach loop", "foreach loop\foreach loop.csproj", "{9C1BA5A9-DDC3-4929-927A-D0946F06F3DE}"
EndProject
Global
	GlobalSection(SolutionConfigurationPlatforms) = preSolution
		Debug|Any CPU = Debug|Any CPU
		Release|Any CPU = Release|Any CPU
	EndGlobalSection
	GlobalSection(ProjectConfigurationPlatforms) = postSolution
		{9C1BA5A9-DDC3-4929-927A-D0946F06F3DE}.Debug|Any CPU.ActiveCfg = Debug|Any CPU
		{9C1BA5A9-DDC3-4929-927A-D0946F06F3DE}.Debug|Any CPU.Build.0 = Debug|Any CPU
		{9C1BA5A9-DDC3-4929-927A-D0946F06F3DE}.Release|Any CPU.ActiveCfg = Release|Any CPU
		{9C1BA5A9-DDC3-4929-927A-D0946F06F3DE}.Release|Any CPU.Build.0 = Release|Any CPU
	EndGlobalSection
	GlobalSection(SolutionProperties) = preSolution
		HideSolutionNode = FALSE
	EndGlobalSection
	GlobalSection(ExtensibilityGlobals) = postSolution
		SolutionGuid = {F5AA8923-DE98-4FA9-A627-154C5129F04B}
	EndGlobalSection
EndGlobal
