
Microsoft Visual Studio Solution File, Format Version 12.00
# Visual Studio Version 17
VisualStudioVersion = 17.10.35027.167
MinimumVisualStudioVersion = 10.0.40219.1
Project("{FAE04EC0-301F-11D3-BF4B-00C04F79EFBC}") = "UH KALKULATOR NAJWA", "UH KALKULATOR NAJWA\UH KALKULATOR NAJWA.csproj", "{A541665D-4FDE-4024-9553-0406336F09D2}"
EndProject
Global
	GlobalSection(SolutionConfigurationPlatforms) = preSolution
		Debug|Any CPU = Debug|Any CPU
		Release|Any CPU = Release|Any CPU
	EndGlobalSection
	GlobalSection(ProjectConfigurationPlatforms) = postSolution
		{A541665D-4FDE-4024-9553-0406336F09D2}.Debug|Any CPU.ActiveCfg = Debug|Any CPU
		{A541665D-4FDE-4024-9553-0406336F09D2}.Debug|Any CPU.Build.0 = Debug|Any CPU
		{A541665D-4FDE-4024-9553-0406336F09D2}.Release|Any CPU.ActiveCfg = Release|Any CPU
		{A541665D-4FDE-4024-9553-0406336F09D2}.Release|Any CPU.Build.0 = Release|Any CPU
	EndGlobalSection
	GlobalSection(SolutionProperties) = preSolution
		HideSolutionNode = FALSE
	EndGlobalSection
	GlobalSection(ExtensibilityGlobals) = postSolution
		SolutionGuid = {FEBB3609-3A22-466D-904B-918630D9F560}
	EndGlobalSection
EndGlobal
